
Microsoft Visual Studio Solution File, Format Version 12.00
# Visual Studio 15
VisualStudioVersion = 15.0.26730.12
MinimumVisualStudioVersion = 10.0.40219.1
Project("{FAE04EC0-301F-11D3-BF4B-00C04F79EFBC}") = "AI8", "AI8\AI8.csproj", "{57127EA8-6B7C-44DD-A185-D76C1909CAC7}"
EndProject
Global
	GlobalSection(SolutionConfigurationPlatforms) = preSolution
		Debug|Any CPU = Debug|Any CPU
		Release|Any CPU = Release|Any CPU
	EndGlobalSection
	GlobalSection(ProjectConfigurationPlatforms) = postSolution
		{57127EA8-6B7C-44DD-A185-D76C1909CAC7}.Debug|Any CPU.ActiveCfg = Debug|Any CPU
		{57127EA8-6B7C-44DD-A185-D76C1909CAC7}.Debug|Any CPU.Build.0 = Debug|Any CPU
		{57127EA8-6B7C-44DD-A185-D76C1909CAC7}.Release|Any CPU.ActiveCfg = Release|Any CPU
		{57127EA8-6B7C-44DD-A185-D76C1909CAC7}.Release|Any CPU.Build.0 = Release|Any CPU
	EndGlobalSection
	GlobalSection(SolutionProperties) = preSolution
		HideSolutionNode = FALSE
	EndGlobalSection
	GlobalSection(ExtensibilityGlobals) = postSolution
		SolutionGuid = {293B3A64-F7B2-4155-BCB3-FF81E110B98C}
	EndGlobalSection
EndGlobal
